
Microsoft Visual Studio Solution File, Format Version 12.00
# Visual Studio Version 17
VisualStudioVersion = 17.3.32825.248
MinimumVisualStudioVersion = 10.0.40219.1
Project("{8BC9CEB8-8B4A-11D0-8D11-00A0C91BC942}") = "OpenGLCourseApp", "OpenGLCourseApp\OpenGLCourseApp.vcxproj", "{192F70FD-2DCE-4717-A656-328816783592}"
EndProject
Global
	GlobalSection(SolutionConfigurationPlatforms) = preSolution
		Debug|x64 = Debug|x64
		Release|x64 = Release|x64
	EndGlobalSection
	GlobalSection(ProjectConfigurationPlatforms) = postSolution
		{192F70FD-2DCE-4717-A656-328816783592}.Debug|x64.ActiveCfg = Debug|x64
		{192F70FD-2DCE-4717-A656-328816783592}.Debug|x64.Build.0 = Debug|x64
		{192F70FD-2DCE-4717-A656-328816783592}.Release|x64.ActiveCfg = Release|x64
		{192F70FD-2DCE-4717-A656-328816783592}.Release|x64.Build.0 = Release|x64
	EndGlobalSection
	GlobalSection(SolutionProperties) = preSolution
		HideSolutionNode = FALSE
	EndGlobalSection
	GlobalSection(ExtensibilityGlobals) = postSolution
		SolutionGuid = {917B720F-67B5-4D1B-84E8-173E9BB44582}
	EndGlobalSection
EndGlobal
